
Microsoft Visual Studio Solution File, Format Version 12.00
# Visual Studio 2012
Project("{FAE04EC0-301F-11D3-BF4B-00C04F79EFBC}") = "OfficeSportEventsManager.Models", "OfficeSportEventsManager.Models\OfficeSportEventsManager.Models.csproj", "{9B7A5A44-5E93-4A5C-B4C1-81F2ECDCB8F8}"
EndProject
Project("{FAE04EC0-301F-11D3-BF4B-00C04F79EFBC}") = "OfficeSportEventsManager.Data", "OfficeSportEventsManager.Data\OfficeSportEventsManager.Data.csproj", "{00095B74-C655-41A8-A256-2B75ADE684F5}"
EndProject
Project("{FAE04EC0-301F-11D3-BF4B-00C04F79EFBC}") = "OfficeSportEventsManager.WebApi", "OfficeSportEventsManager.WebApi\OfficeSportEventsManager.WebApi.csproj", "{28F30026-145A-4EF8-A23C-63440BFFB9D6}"
EndProject
Global
	GlobalSection(SolutionConfigurationPlatforms) = preSolution
		Debug|Any CPU = Debug|Any CPU
		Release|Any CPU = Release|Any CPU
	EndGlobalSection
	GlobalSection(ProjectConfigurationPlatforms) = postSolution
		{9B7A5A44-5E93-4A5C-B4C1-81F2ECDCB8F8}.Debug|Any CPU.ActiveCfg = Debug|Any CPU
		{9B7A5A44-5E93-4A5C-B4C1-81F2ECDCB8F8}.Debug|Any CPU.Build.0 = Debug|Any CPU
		{9B7A5A44-5E93-4A5C-B4C1-81F2ECDCB8F8}.Release|Any CPU.ActiveCfg = Release|Any CPU
		{9B7A5A44-5E93-4A5C-B4C1-81F2ECDCB8F8}.Release|Any CPU.Build.0 = Release|Any CPU
		{00095B74-C655-41A8-A256-2B75ADE684F5}.Debug|Any CPU.ActiveCfg = Debug|Any CPU
		{00095B74-C655-41A8-A256-2B75ADE684F5}.Debug|Any CPU.Build.0 = Debug|Any CPU
		{00095B74-C655-41A8-A256-2B75ADE684F5}.Release|Any CPU.ActiveCfg = Release|Any CPU
		{00095B74-C655-41A8-A256-2B75ADE684F5}.Release|Any CPU.Build.0 = Release|Any CPU
		{28F30026-145A-4EF8-A23C-63440BFFB9D6}.Debug|Any CPU.ActiveCfg = Debug|Any CPU
		{28F30026-145A-4EF8-A23C-63440BFFB9D6}.Debug|Any CPU.Build.0 = Debug|Any CPU
		{28F30026-145A-4EF8-A23C-63440BFFB9D6}.Release|Any CPU.ActiveCfg = Release|Any CPU
		{28F30026-145A-4EF8-A23C-63440BFFB9D6}.Release|Any CPU.Build.0 = Release|Any CPU
	EndGlobalSection
	GlobalSection(SolutionProperties) = preSolution
		HideSolutionNode = FALSE
	EndGlobalSection
EndGlobal
